
Microsoft Visual Studio Solution File, Format Version 12.00
# Visual Studio Version 17
VisualStudioVersion = 17.14.36511.14
MinimumVisualStudioVersion = 10.0.40219.1
Project("{FAE04EC0-301F-11D3-BF4B-00C04F79EFBC}") = "gp-captura-boletas", "gp-captura-boletas\gp-captura-boletas.csproj", "{084ACF3E-1842-444F-9A23-7FE71EF41E3D}"
EndProject
Project("{2150E333-8FDC-42A3-9474-1A3956D46DE8}") = "Elementos de la solución", "Elementos de la solución", "{D107F4C8-89CC-BEA8-D3D7-CA6B7733353D}"
EndProject
Global
	GlobalSection(SolutionConfigurationPlatforms) = preSolution
		Debug|Any CPU = Debug|Any CPU
		Release|Any CPU = Release|Any CPU
	EndGlobalSection
	GlobalSection(ProjectConfigurationPlatforms) = postSolution
		{084ACF3E-1842-444F-9A23-7FE71EF41E3D}.Debug|Any CPU.ActiveCfg = Debug|Any CPU
		{084ACF3E-1842-444F-9A23-7FE71EF41E3D}.Debug|Any CPU.Build.0 = Debug|Any CPU
		{084ACF3E-1842-444F-9A23-7FE71EF41E3D}.Release|Any CPU.ActiveCfg = Release|Any CPU
		{084ACF3E-1842-444F-9A23-7FE71EF41E3D}.Release|Any CPU.Build.0 = Release|Any CPU
	EndGlobalSection
	GlobalSection(SolutionProperties) = preSolution
		HideSolutionNode = FALSE
	EndGlobalSection
	GlobalSection(ExtensibilityGlobals) = postSolution
		SolutionGuid = {1E738BC5-B99C-446E-ABF9-B5C3C3082730}
	EndGlobalSection
EndGlobal
